
Microsoft Visual Studio Solution File, Format Version 12.00
# Visual Studio Version 17
VisualStudioVersion = 17.10.34607.79
MinimumVisualStudioVersion = 10.0.40219.1
Project("{FAE04EC0-301F-11D3-BF4B-00C04F79EFBC}") = "CertificateAuthApi", "CertificateAuthApi\CertificateAuthApi.csproj", "{E71EC712-5F15-454E-B73D-5FAEF84E7E22}"
EndProject
Project("{FAE04EC0-301F-11D3-BF4B-00C04F79EFBC}") = "CertificateAuthClient", "CertificateAuthClient\CertificateAuthClient.csproj", "{E37774B4-AFDC-490A-A3C1-8BA77D7444F6}"
EndProject
Project("{2150E333-8FDC-42A3-9474-1A3956D46DE8}") = "Certificates", "Certificates", "{C9436B60-47D3-4CD6-B5A3-81F6D5D5FAAA}"
	ProjectSection(SolutionItems) = preProject
		..\..\..\..\..\Temp\DemoBankCertificate.cer = ..\..\..\..\..\Temp\DemoBankCertificate.cer
		..\..\..\..\..\Temp\DemoBankCertificate.pfx = ..\..\..\..\..\Temp\DemoBankCertificate.pfx
		..\..\..\Desktop\Generate-Certificates.ps1 = ..\..\..\Desktop\Generate-Certificates.ps1
	EndProjectSection
EndProject
Global
	GlobalSection(SolutionConfigurationPlatforms) = preSolution
		Debug|Any CPU = Debug|Any CPU
		Release|Any CPU = Release|Any CPU
	EndGlobalSection
	GlobalSection(ProjectConfigurationPlatforms) = postSolution
		{E71EC712-5F15-454E-B73D-5FAEF84E7E22}.Debug|Any CPU.ActiveCfg = Debug|Any CPU
		{E71EC712-5F15-454E-B73D-5FAEF84E7E22}.Debug|Any CPU.Build.0 = Debug|Any CPU
		{E71EC712-5F15-454E-B73D-5FAEF84E7E22}.Release|Any CPU.ActiveCfg = Release|Any CPU
		{E71EC712-5F15-454E-B73D-5FAEF84E7E22}.Release|Any CPU.Build.0 = Release|Any CPU
		{E37774B4-AFDC-490A-A3C1-8BA77D7444F6}.Debug|Any CPU.ActiveCfg = Debug|Any CPU
		{E37774B4-AFDC-490A-A3C1-8BA77D7444F6}.Debug|Any CPU.Build.0 = Debug|Any CPU
		{E37774B4-AFDC-490A-A3C1-8BA77D7444F6}.Release|Any CPU.ActiveCfg = Release|Any CPU
		{E37774B4-AFDC-490A-A3C1-8BA77D7444F6}.Release|Any CPU.Build.0 = Release|Any CPU
	EndGlobalSection
	GlobalSection(SolutionProperties) = preSolution
		HideSolutionNode = FALSE
	EndGlobalSection
	GlobalSection(ExtensibilityGlobals) = postSolution
		SolutionGuid = {B94CAE3D-69FC-46BF-9DCE-7338190D3315}
	EndGlobalSection
EndGlobal
